
Microsoft Visual Studio Solution File, Format Version 12.00
# Visual Studio Version 17
VisualStudioVersion = 17.3.32825.248
MinimumVisualStudioVersion = 10.0.40219.1
Project("{FAE04EC0-301F-11D3-BF4B-00C04F79EFBC}") = "MongoDB101.API", "MongoDB101.API\MongoDB101.API.csproj", "{7094B24A-1D67-42B7-9878-8369FE546184}"
EndProject
Global
	GlobalSection(SolutionConfigurationPlatforms) = preSolution
		Debug|Any CPU = Debug|Any CPU
		Release|Any CPU = Release|Any CPU
	EndGlobalSection
	GlobalSection(ProjectConfigurationPlatforms) = postSolution
		{7094B24A-1D67-42B7-9878-8369FE546184}.Debug|Any CPU.ActiveCfg = Debug|Any CPU
		{7094B24A-1D67-42B7-9878-8369FE546184}.Debug|Any CPU.Build.0 = Debug|Any CPU
		{7094B24A-1D67-42B7-9878-8369FE546184}.Release|Any CPU.ActiveCfg = Release|Any CPU
		{7094B24A-1D67-42B7-9878-8369FE546184}.Release|Any CPU.Build.0 = Release|Any CPU
	EndGlobalSection
	GlobalSection(SolutionProperties) = preSolution
		HideSolutionNode = FALSE
	EndGlobalSection
	GlobalSection(ExtensibilityGlobals) = postSolution
		SolutionGuid = {0552200B-4887-4A59-AA49-B56FFA932C0C}
	EndGlobalSection
EndGlobal
